
Microsoft Visual Studio Solution File, Format Version 12.00
# Visual Studio Version 17
VisualStudioVersion = 17.8.34511.84
MinimumVisualStudioVersion = 10.0.40219.1
Project("{9A19103F-16F7-4668-BE54-9A1E7A4F7556}") = "BookStoreApi", "BookStoreApi\BookStoreApi.csproj", "{458450F5-8182-4022-AF83-AD0AE91589A6}"
EndProject
Project("{E53339B2-1760-4266-BCC7-CA923CBCF16C}") = "docker-compose", "docker-compose.dcproj", "{481355D1-F972-4F2E-8DB3-F2AA8370A8E0}"
EndProject
Global
	GlobalSection(SolutionConfigurationPlatforms) = preSolution
		Debug|Any CPU = Debug|Any CPU
		Release|Any CPU = Release|Any CPU
	EndGlobalSection
	GlobalSection(ProjectConfigurationPlatforms) = postSolution
		{458450F5-8182-4022-AF83-AD0AE91589A6}.Debug|Any CPU.ActiveCfg = Debug|Any CPU
		{458450F5-8182-4022-AF83-AD0AE91589A6}.Debug|Any CPU.Build.0 = Debug|Any CPU
		{458450F5-8182-4022-AF83-AD0AE91589A6}.Release|Any CPU.ActiveCfg = Release|Any CPU
		{458450F5-8182-4022-AF83-AD0AE91589A6}.Release|Any CPU.Build.0 = Release|Any CPU
		{481355D1-F972-4F2E-8DB3-F2AA8370A8E0}.Debug|Any CPU.ActiveCfg = Debug|Any CPU
		{481355D1-F972-4F2E-8DB3-F2AA8370A8E0}.Debug|Any CPU.Build.0 = Debug|Any CPU
		{481355D1-F972-4F2E-8DB3-F2AA8370A8E0}.Release|Any CPU.ActiveCfg = Release|Any CPU
		{481355D1-F972-4F2E-8DB3-F2AA8370A8E0}.Release|Any CPU.Build.0 = Release|Any CPU
	EndGlobalSection
	GlobalSection(SolutionProperties) = preSolution
		HideSolutionNode = FALSE
	EndGlobalSection
	GlobalSection(ExtensibilityGlobals) = postSolution
		SolutionGuid = {8E64EBE8-DAF3-4E50-BD1F-35C065A40EA4}
	EndGlobalSection
EndGlobal
